// !$*UTF8*$!
{
	archiveVersion = 1;
	classes = {
	};
	objectVersion = 77;
	objects = {

/* Begin PBXBuildFile section */
		BF1938442F2079030067A7A8 /* Python.xcframework in Frameworks */ = {isa = PBXBuildFile; fileRef = BFB82D972F203CDD005AC5A2 /* Python.xcframework */; };
		BF1938452F2079030067A7A8 /* Python.xcframework in Embed Frameworks */ = {isa = PBXBuildFile; fileRef = BFB82D972F203CDD005AC5A2 /* Python.xcframework */; settings = {ATTRIBUTES = (CodeSignOnCopy, RemoveHeadersOnCopy, ); }; };
		BF33574B2F1F0CD200C362AD /* ffmpegkit.xcframework in Frameworks */ = {isa = PBXBuildFile; fileRef = BF5782102F1ECD7E0056E8CB /* ffmpegkit.xcframework */; };
		BF33574C2F1F0CD200C362AD /* ffmpegkit.xcframework in Embed Frameworks */ = {isa = PBXBuildFile; fileRef = BF5782102F1ECD7E0056E8CB /* ffmpegkit.xcframework */; settings = {ATTRIBUTES = (CodeSignOnCopy, RemoveHeadersOnCopy, ); }; };
		BF33574D2F1F0CD300C362AD /* libavcodec.xcframework in Frameworks */ = {isa = PBXBuildFile; fileRef = BF5782112F1ECD7E0056E8CB /* libavcodec.xcframework */; };
		BF33574E2F1F0CD300C362AD /* libavcodec.xcframework in Embed Frameworks */ = {isa = PBXBuildFile; fileRef = BF5782112F1ECD7E0056E8CB /* libavcodec.xcframework */; settings = {ATTRIBUTES = (CodeSignOnCopy, RemoveHeadersOnCopy, ); }; };
		BF33574F2F1F0CD400C362AD /* libavdevice.xcframework in Frameworks */ = {isa = PBXBuildFile; fileRef = BF5782122F1ECD7E0056E8CB /* libavdevice.xcframework */; };
		BF3357502F1F0CD400C362AD /* libavdevice.xcframework in Embed Frameworks */ = {isa = PBXBuildFile; fileRef = BF5782122F1ECD7E0056E8CB /* libavdevice.xcframework */; settings = {ATTRIBUTES = (CodeSignOnCopy, RemoveHeadersOnCopy, ); }; };
		BF3357512F1F0CD600C362AD /* libavfilter.xcframework in Frameworks */ = {isa = PBXBuildFile; fileRef = BF5782132F1ECD7E0056E8CB /* libavfilter.xcframework */; };
		BF3357522F1F0CD600C362AD /* libavfilter.xcframework in Embed Frameworks */ = {isa = PBXBuildFile; fileRef = BF5782132F1ECD7E0056E8CB /* libavfilter.xcframework */; settings = {ATTRIBUTES = (CodeSignOnCopy, RemoveHeadersOnCopy, ); }; };
		BF3357532F1F0CD700C362AD /* libavformat.xcframework in Frameworks */ = {isa = PBXBuildFile; fileRef = BF5782142F1ECD7E0056E8CB /* libavformat.xcframework */; };
		BF3357542F1F0CD700C362AD /* libavformat.xcframework in Embed Frameworks */ = {isa = PBXBuildFile; fileRef = BF5782142F1ECD7E0056E8CB /* libavformat.xcframework */; settings = {ATTRIBUTES = (CodeSignOnCopy, RemoveHeadersOnCopy, ); }; };
		BF3357552F1F0CD900C362AD /* libavutil.xcframework in Frameworks */ = {isa = PBXBuildFile; fileRef = BF5782152F1ECD7E0056E8CB /* libavutil.xcframework */; };
		BF3357562F1F0CD900C362AD /* libavutil.xcframework in Embed Frameworks */ = {isa = PBXBuildFile; fileRef = BF5782152F1ECD7E0056E8CB /* libavutil.xcframework */; settings = {ATTRIBUTES = (CodeSignOnCopy, RemoveHeadersOnCopy, ); }; };
		BF3357572F1F0CDA00C362AD /* libswresample.xcframework in Frameworks */ = {isa = PBXBuildFile; fileRef = BF5782162F1ECD7E0056E8CB /* libswresample.xcframework */; };
		BF3357582F1F0CDA00C362AD /* libswresample.xcframework in Embed Frameworks */ = {isa = PBXBuildFile; fileRef = BF5782162F1ECD7E0056E8CB /* libswresample.xcframework */; settings = {ATTRIBUTES = (CodeSignOnCopy, RemoveHeadersOnCopy, ); }; };
		BF3357592F1F0CDB00C362AD /* libswscale.xcframework in Frameworks */ = {isa = PBXBuildFile; fileRef = BF5782172F1ECD7E0056E8CB /* libswscale.xcframework */; };
		BF33575A2F1F0CDB00C362AD /* libswscale.xcframework in Embed Frameworks */ = {isa = PBXBuildFile; fileRef = BF5782172F1ECD7E0056E8CB /* libswscale.xcframework */; settings = {ATTRIBUTES = (CodeSignOnCopy, RemoveHeadersOnCopy, ); }; };
		BF5779242F1EB4630056E8CB /* python-stdlib in Resources */ = {isa = PBXBuildFile; fileRef = BF5779232F1EB45D0056E8CB /* python-stdlib */; };
		BF5781D02F1EB4D70056E8CB /* yt_dlp in Resources */ = {isa = PBXBuildFile; fileRef = BF5781CF2F1EB4D20056E8CB /* yt_dlp */; };
		BFA75AD52F2AFCC4007D334F /* shareToPulsor.appex in Embed Foundation Extensions */ = {isa = PBXBuildFile; fileRef = BFA75ACB2F2AFCC3007D334F /* shareToPulsor.appex */; settings = {ATTRIBUTES = (RemoveHeadersOnCopy, ); }; };
/* End PBXBuildFile section */

/* Begin PBXContainerItemProxy section */
		BFA75AD32F2AFCC4007D334F /* PBXContainerItemProxy */ = {
			isa = PBXContainerItemProxy;
			containerPortal = BFFDD5E72F1C47850032409D /* Project object */;
			proxyType = 1;
			remoteGlobalIDString = BFA75ACA2F2AFCC3007D334F;
			remoteInfo = shareToPulsor;
		};
		BFFDD6022F1C478D0032409D /* PBXContainerItemProxy */ = {
			isa = PBXContainerItemProxy;
			containerPortal = BFFDD5E72F1C47850032409D /* Project object */;
			proxyType = 1;
			remoteGlobalIDString = BFFDD5EE2F1C47850032409D;
			remoteInfo = musicApp;
		};
		BFFDD60C2F1C478D0032409D /* PBXContainerItemProxy */ = {
			isa = PBXContainerItemProxy;
			containerPortal = BFFDD5E72F1C47850032409D /* Project object */;
			proxyType = 1;
			remoteGlobalIDString = BFFDD5EE2F1C47850032409D;
			remoteInfo = musicApp;
		};
/* End PBXContainerItemProxy section */

/* Begin PBXCopyFilesBuildPhase section */
		BF5765212F1EB3D00056E8CB /* Embed Frameworks */ = {
			isa = PBXCopyFilesBuildPhase;
			buildActionMask = 2147483647;
			dstPath = "";
			dstSubfolderSpec = 10;
			files = (
				BF3357502F1F0CD400C362AD /* libavdevice.xcframework in Embed Frameworks */,
				BF3357542F1F0CD700C362AD /* libavformat.xcframework in Embed Frameworks */,
				BF3357582F1F0CDA00C362AD /* libswresample.xcframework in Embed Frameworks */,
				BF33574E2F1F0CD300C362AD /* libavcodec.xcframework in Embed Frameworks */,
				BF1938452F2079030067A7A8 /* Python.xcframework in Embed Frameworks */,
				BF3357522F1F0CD600C362AD /* libavfilter.xcframework in Embed Frameworks */,
				BF3357562F1F0CD900C362AD /* libavutil.xcframework in Embed Frameworks */,
				BF33575A2F1F0CDB00C362AD /* libswscale.xcframework in Embed Frameworks */,
				BF33574C2F1F0CD200C362AD /* ffmpegkit.xcframework in Embed Frameworks */,
			);
			name = "Embed Frameworks";
			runOnlyForDeploymentPostprocessing = 0;
		};
		BFA75ADA2F2AFCC4007D334F /* Embed Foundation Extensions */ = {
			isa = PBXCopyFilesBuildPhase;
			buildActionMask = 2147483647;
			dstPath = "";
			dstSubfolderSpec = 13;
			files = (
				BFA75AD52F2AFCC4007D334F /* shareToPulsor.appex in Embed Foundation Extensions */,
			);
			name = "Embed Foundation Extensions";
			runOnlyForDeploymentPostprocessing = 0;
		};
/* End PBXCopyFilesBuildPhase section */

/* Begin PBXFileReference section */
		BF5779232F1EB45D0056E8CB /* python-stdlib */ = {isa = PBXFileReference; lastKnownFileType = folder; path = "python-stdlib"; sourceTree = "<group>"; };
		BF5781CF2F1EB4D20056E8CB /* yt_dlp */ = {isa = PBXFileReference; lastKnownFileType = folder; name = yt_dlp; path = "../Desktop/yt-dlp-bundle/yt_dlp-2025.10.14/yt_dlp"; sourceTree = SOURCE_ROOT; };
		BF5782102F1ECD7E0056E8CB /* ffmpegkit.xcframework */ = {isa = PBXFileReference; lastKnownFileType = wrapper.xcframework; name = ffmpegkit.xcframework; path = "../ffmpeg-kit-ios-full/ffmpeg-kit-ios-full/ffmpegkit.xcframework"; sourceTree = SOURCE_ROOT; };
		BF5782112F1ECD7E0056E8CB /* libavcodec.xcframework */ = {isa = PBXFileReference; lastKnownFileType = wrapper.xcframework; name = libavcodec.xcframework; path = "../ffmpeg-kit-ios-full/ffmpeg-kit-ios-full/libavcodec.xcframework"; sourceTree = SOURCE_ROOT; };
		BF5782122F1ECD7E0056E8CB /* libavdevice.xcframework */ = {isa = PBXFileReference; lastKnownFileType = wrapper.xcframework; name = libavdevice.xcframework; path = "../ffmpeg-kit-ios-full/ffmpeg-kit-ios-full/libavdevice.xcframework"; sourceTree = SOURCE_ROOT; };
		BF5782132F1ECD7E0056E8CB /* libavfilter.xcframework */ = {isa = PBXFileReference; lastKnownFileType = wrapper.xcframework; name = libavfilter.xcframework; path = "../ffmpeg-kit-ios-full/ffmpeg-kit-ios-full/libavfilter.xcframework"; sourceTree = SOURCE_ROOT; };
		BF5782142F1ECD7E0056E8CB /* libavformat.xcframework */ = {isa = PBXFileReference; lastKnownFileType = wrapper.xcframework; name = libavformat.xcframework; path = "../ffmpeg-kit-ios-full/ffmpeg-kit-ios-full/libavformat.xcframework"; sourceTree = SOURCE_ROOT; };
		BF5782152F1ECD7E0056E8CB /* libavutil.xcframework */ = {isa = PBXFileReference; lastKnownFileType = wrapper.xcframework; name = libavutil.xcframework; path = "../ffmpeg-kit-ios-full/ffmpeg-kit-ios-full/libavutil.xcframework"; sourceTree = SOURCE_ROOT; };
		BF5782162F1ECD7E0056E8CB /* libswresample.xcframework */ = {isa = PBXFileReference; lastKnownFileType = wrapper.xcframework; name = libswresample.xcframework; path = "../ffmpeg-kit-ios-full/ffmpeg-kit-ios-full/libswresample.xcframework"; sourceTree = SOURCE_ROOT; };
		BF5782172F1ECD7E0056E8CB /* libswscale.xcframework */ = {isa = PBXFileReference; lastKnownFileType = wrapper.xcframework; name = libswscale.xcframework; path = "../ffmpeg-kit-ios-full/ffmpeg-kit-ios-full/libswscale.xcframework"; sourceTree = SOURCE_ROOT; };
		BFA75ACB2F2AFCC3007D334F /* shareToPulsor.appex */ = {isa = PBXFileReference; explicitFileType = "wrapper.app-extension"; includeInIndex = 0; path = shareToPulsor.appex; sourceTree = BUILT_PRODUCTS_DIR; };
		BFB82D972F203CDD005AC5A2 /* Python.xcframework */ = {isa = PBXFileReference; lastKnownFileType = wrapper.xcframework; name = Python.xcframework; path = "../Downloads/Python-3.11-iOS-support.b7/Python.xcframework"; sourceTree = SOURCE_ROOT; };
		BFFDD5EF2F1C47850032409D /* Pulsor.app */ = {isa = PBXFileReference; explicitFileType = wrapper.application; includeInIndex = 0; path = Pulsor.app; sourceTree = BUILT_PRODUCTS_DIR; };
		BFFDD6012F1C478D0032409D /* musicAppTests.xctest */ = {isa = PBXFileReference; explicitFileType = wrapper.cfbundle; includeInIndex = 0; path = musicAppTests.xctest; sourceTree = BUILT_PRODUCTS_DIR; };
		BFFDD60B2F1C478D0032409D /* musicAppUITests.xctest */ = {isa = PBXFileReference; explicitFileType = wrapper.cfbundle; includeInIndex = 0; path = musicAppUITests.xctest; sourceTree = BUILT_PRODUCTS_DIR; };
/* End PBXFileReference section */

/* Begin PBXFileSystemSynchronizedBuildFileExceptionSet section */
		BF5A35C32F218F4E0044F80A /* Exceptions for "musicApp" folder in "musicApp" target */ = {
			isa = PBXFileSystemSynchronizedBuildFileExceptionSet;
			membershipExceptions = (
				Info.plist,
			);
			target = BFFDD5EE2F1C47850032409D /* musicApp */;
		};
		BFA75AD92F2AFCC4007D334F /* Exceptions for "shareToPulsor" folder in "shareToPulsor" target */ = {
			isa = PBXFileSystemSynchronizedBuildFileExceptionSet;
			membershipExceptions = (
				Info.plist,
			);
			target = BFA75ACA2F2AFCC3007D334F /* shareToPulsor */;
		};
		BFA75ADF2F2AFF54007D334F /* Exceptions for "musicApp" folder in "shareToPulsor" target */ = {
			isa = PBXFileSystemSynchronizedBuildFileExceptionSet;
			membershipExceptions = (
				IncomingShareQueue.swift,
			);
			target = BFA75ACA2F2AFCC3007D334F /* shareToPulsor */;
		};
/* End PBXFileSystemSynchronizedBuildFileExceptionSet section */

/* Begin PBXFileSystemSynchronizedRootGroup section */
		BFA75ACC2F2AFCC3007D334F /* shareToPulsor */ = {
			isa = PBXFileSystemSynchronizedRootGroup;
			exceptions = (
				BFA75AD92F2AFCC4007D334F /* Exceptions for "shareToPulsor" folder in "shareToPulsor" target */,
			);
			path = shareToPulsor;
			sourceTree = "<group>";
		};
		BFFDD5F12F1C47850032409D /* musicApp */ = {
			isa = PBXFileSystemSynchronizedRootGroup;
			exceptions = (
				BF5A35C32F218F4E0044F80A /* Exceptions for "musicApp" folder in "musicApp" target */,
				BFA75ADF2F2AFF54007D334F /* Exceptions for "musicApp" folder in "shareToPulsor" target */,
			);
			path = musicApp;
			sourceTree = "<group>";
		};
		BFFDD6042F1C478D0032409D /* musicAppTests */ = {
			isa = PBXFileSystemSynchronizedRootGroup;
			path = musicAppTests;
			sourceTree = "<group>";
		};
		BFFDD60E2F1C478D0032409D /* musicAppUITests */ = {
			isa = PBXFileSystemSynchronizedRootGroup;
			path = musicAppUITests;
			sourceTree = "<group>";
		};
/* End PBXFileSystemSynchronizedRootGroup section */

/* Begin PBXFrameworksBuildPhase section */
		BFA75AC82F2AFCC3007D334F /* Frameworks */ = {
			isa = PBXFrameworksBuildPhase;
			buildActionMask = 2147483647;
			files = (
			);
			runOnlyForDeploymentPostprocessing = 0;
		};
		BFFDD5EC2F1C47850032409D /* Frameworks */ = {
			isa = PBXFrameworksBuildPhase;
			buildActionMask = 2147483647;
			files = (
				BF3357592F1F0CDB00C362AD /* libswscale.xcframework in Frameworks */,
				BF33574D2F1F0CD300C362AD /* libavcodec.xcframework in Frameworks */,
				BF33574F2F1F0CD400C362AD /* libavdevice.xcframework in Frameworks */,
				BF33574B2F1F0CD200C362AD /* ffmpegkit.xcframework in Frameworks */,
				BF1938442F2079030067A7A8 /* Python.xcframework in Frameworks */,
				BF3357552F1F0CD900C362AD /* libavutil.xcframework in Frameworks */,
				BF3357572F1F0CDA00C362AD /* libswresample.xcframework in Frameworks */,
				BF3357512F1F0CD600C362AD /* libavfilter.xcframework in Frameworks */,
				BF3357532F1F0CD700C362AD /* libavformat.xcframework in Frameworks */,
			);
			runOnlyForDeploymentPostprocessing = 0;
		};
		BFFDD5FE2F1C478D0032409D /* Frameworks */ = {
			isa = PBXFrameworksBuildPhase;
			buildActionMask = 2147483647;
			files = (
			);
			runOnlyForDeploymentPostprocessing = 0;
		};
		BFFDD6082F1C478D0032409D /* Frameworks */ = {
			isa = PBXFrameworksBuildPhase;
			buildActionMask = 2147483647;
			files = (
			);
			runOnlyForDeploymentPostprocessing = 0;
		};
/* End PBXFrameworksBuildPhase section */

/* Begin PBXGroup section */
		BFFDD5E62F1C47850032409D = {
			isa = PBXGroup;
			children = (
				BFB82D972F203CDD005AC5A2 /* Python.xcframework */,
				BF5781CF2F1EB4D20056E8CB /* yt_dlp */,
				BF5779232F1EB45D0056E8CB /* python-stdlib */,
				BFFDD5F12F1C47850032409D /* musicApp */,
				BFFDD6042F1C478D0032409D /* musicAppTests */,
				BFFDD60E2F1C478D0032409D /* musicAppUITests */,
				BFA75ACC2F2AFCC3007D334F /* shareToPulsor */,
				BFFDD5F02F1C47850032409D /* Products */,
				BF5782102F1ECD7E0056E8CB /* ffmpegkit.xcframework */,
				BF5782112F1ECD7E0056E8CB /* libavcodec.xcframework */,
				BF5782122F1ECD7E0056E8CB /* libavdevice.xcframework */,
				BF5782132F1ECD7E0056E8CB /* libavfilter.xcframework */,
				BF5782142F1ECD7E0056E8CB /* libavformat.xcframework */,
				BF5782152F1ECD7E0056E8CB /* libavutil.xcframework */,
				BF5782162F1ECD7E0056E8CB /* libswresample.xcframework */,
				BF5782172F1ECD7E0056E8CB /* libswscale.xcframework */,
			);
			sourceTree = "<group>";
		};
		BFFDD5F02F1C47850032409D /* Products */ = {
			isa = PBXGroup;
			children = (
				BFFDD5EF2F1C47850032409D /* Pulsor.app */,
				BFFDD6012F1C478D0032409D /* musicAppTests.xctest */,
				BFFDD60B2F1C478D0032409D /* musicAppUITests.xctest */,
				BFA75ACB2F2AFCC3007D334F /* shareToPulsor.appex */,
			);
			name = Products;
			sourceTree = "<group>";
		};
/* End PBXGroup section */

/* Begin PBXNativeTarget section */
		BFA75ACA2F2AFCC3007D334F /* shareToPulsor */ = {
			isa = PBXNativeTarget;
			buildConfigurationList = BFA75AD62F2AFCC4007D334F /* Build configuration list for PBXNativeTarget "shareToPulsor" */;
			buildPhases = (
				BFA75AC72F2AFCC3007D334F /* Sources */,
				BFA75AC82F2AFCC3007D334F /* Frameworks */,
				BFA75AC92F2AFCC3007D334F /* Resources */,
			);
			buildRules = (
			);
			dependencies = (
			);
			fileSystemSynchronizedGroups = (
				BFA75ACC2F2AFCC3007D334F /* shareToPulsor */,
			);
			name = shareToPulsor;
			packageProductDependencies = (
			);
			productName = shareToPulsor;
			productReference = BFA75ACB2F2AFCC3007D334F /* shareToPulsor.appex */;
			productType = "com.apple.product-type.app-extension";
		};
		BFFDD5EE2F1C47850032409D /* musicApp */ = {
			isa = PBXNativeTarget;
			buildConfigurationList = BFFDD6152F1C478D0032409D /* Build configuration list for PBXNativeTarget "musicApp" */;
			buildPhases = (
				BFFDD5EB2F1C47850032409D /* Sources */,
				BFFDD5EC2F1C47850032409D /* Frameworks */,
				BFFDD5ED2F1C47850032409D /* Resources */,
				BF5765212F1EB3D00056E8CB /* Embed Frameworks */,
				BF1938462F20794C0067A7A8 /* ShellScript */,
				BFA75ADA2F2AFCC4007D334F /* Embed Foundation Extensions */,
			);
			buildRules = (
			);
			dependencies = (
				BFA75AD42F2AFCC4007D334F /* PBXTargetDependency */,
			);
			fileSystemSynchronizedGroups = (
				BFFDD5F12F1C47850032409D /* musicApp */,
			);
			name = musicApp;
			packageProductDependencies = (
			);
			productName = musicApp;
			productReference = BFFDD5EF2F1C47850032409D /* Pulsor.app */;
			productType = "com.apple.product-type.application";
		};
		BFFDD6002F1C478D0032409D /* musicAppTests */ = {
			isa = PBXNativeTarget;
			buildConfigurationList = BFFDD6182F1C478D0032409D /* Build configuration list for PBXNativeTarget "musicAppTests" */;
			buildPhases = (
				BFFDD5FD2F1C478D0032409D /* Sources */,
				BFFDD5FE2F1C478D0032409D /* Frameworks */,
				BFFDD5FF2F1C478D0032409D /* Resources */,
			);
			buildRules = (
			);
			dependencies = (
				BFFDD6032F1C478D0032409D /* PBXTargetDependency */,
			);
			fileSystemSynchronizedGroups = (
				BFFDD6042F1C478D0032409D /* musicAppTests */,
			);
			name = musicAppTests;
			packageProductDependencies = (
			);
			productName = musicAppTests;
			productReference = BFFDD6012F1C478D0032409D /* musicAppTests.xctest */;
			productType = "com.apple.product-type.bundle.unit-test";
		};
		BFFDD60A2F1C478D0032409D /* musicAppUITests */ = {
			isa = PBXNativeTarget;
			buildConfigurationList = BFFDD61B2F1C478D0032409D /* Build configuration list for PBXNativeTarget "musicAppUITests" */;
			buildPhases = (
				BFFDD6072F1C478D0032409D /* Sources */,
				BFFDD6082F1C478D0032409D /* Frameworks */,
				BFFDD6092F1C478D0032409D /* Resources */,
			);
			buildRules = (
			);
			dependencies = (
				BFFDD60D2F1C478D0032409D /* PBXTargetDependency */,
			);
			fileSystemSynchronizedGroups = (
				BFFDD60E2F1C478D0032409D /* musicAppUITests */,
			);
			name = musicAppUITests;
			packageProductDependencies = (
			);
			productName = musicAppUITests;
			productReference = BFFDD60B2F1C478D0032409D /* musicAppUITests.xctest */;
			productType = "com.apple.product-type.bundle.ui-testing";
		};
/* End PBXNativeTarget section */

/* Begin PBXProject section */
		BFFDD5E72F1C47850032409D /* Project object */ = {
			isa = PBXProject;
			attributes = {
				BuildIndependentTargetsInParallel = 1;
				LastSwiftUpdateCheck = 1620;
				LastUpgradeCheck = 1620;
				TargetAttributes = {
					BFA75ACA2F2AFCC3007D334F = {
						CreatedOnToolsVersion = 16.2;
					};
					BFFDD5EE2F1C47850032409D = {
						CreatedOnToolsVersion = 16.2;
					};
					BFFDD6002F1C478D0032409D = {
						CreatedOnToolsVersion = 16.2;
						TestTargetID = BFFDD5EE2F1C47850032409D;
					};
					BFFDD60A2F1C478D0032409D = {
						CreatedOnToolsVersion = 16.2;
						TestTargetID = BFFDD5EE2F1C47850032409D;
					};
				};
			};
			buildConfigurationList = BFFDD5EA2F1C47850032409D /* Build configuration list for PBXProject "musicApp" */;
			developmentRegion = en;
			hasScannedForEncodings = 0;
			knownRegions = (
				en,
				Base,
			);
			mainGroup = BFFDD5E62F1C47850032409D;
			minimizedProjectReferenceProxies = 1;
			packageReferences = (
				BF5782072F1EC0AB0056E8CB /* XCRemoteSwiftPackageReference "ffmpeg-kit" */,
			);
			preferredProjectObjectVersion = 77;
			productRefGroup = BFFDD5F02F1C47850032409D /* Products */;
			projectDirPath = "";
			projectRoot = "";
			targets = (
				BFFDD5EE2F1C47850032409D /* musicApp */,
				BFFDD6002F1C478D0032409D /* musicAppTests */,
				BFFDD60A2F1C478D0032409D /* musicAppUITests */,
				BFA75ACA2F2AFCC3007D334F /* shareToPulsor */,
			);
		};
/* End PBXProject section */

/* Begin PBXResourcesBuildPhase section */
		BFA75AC92F2AFCC3007D334F /* Resources */ = {
			isa = PBXResourcesBuildPhase;
			buildActionMask = 2147483647;
			files = (
			);
			runOnlyForDeploymentPostprocessing = 0;
		};
		BFFDD5ED2F1C47850032409D /* Resources */ = {
			isa = PBXResourcesBuildPhase;
			buildActionMask = 2147483647;
			files = (
				BF5781D02F1EB4D70056E8CB /* yt_dlp in Resources */,
				BF5779242F1EB4630056E8CB /* python-stdlib in Resources */,
			);
			runOnlyForDeploymentPostprocessing = 0;
		};
		BFFDD5FF2F1C478D0032409D /* Resources */ = {
			isa = PBXResourcesBuildPhase;
			buildActionMask = 2147483647;
			files = (
			);
			runOnlyForDeploymentPostprocessing = 0;
		};
		BFFDD6092F1C478D0032409D /* Resources */ = {
			isa = PBXResourcesBuildPhase;
			buildActionMask = 2147483647;
			files = (
			);
			runOnlyForDeploymentPostprocessing = 0;
		};
/* End PBXResourcesBuildPhase section */

/* Begin PBXShellScriptBuildPhase section */
		BF1938462F20794C0067A7A8 /* ShellScript */ = {
			isa = PBXShellScriptBuildPhase;
			buildActionMask = 2147483647;
			files = (
			);
			inputFileListPaths = (
			);
			inputPaths = (
			);
			outputFileListPaths = (
			);
			outputPaths = (
			);
			runOnlyForDeploymentPostprocessing = 0;
			shellPath = /bin/sh;
			shellScript = "#!/bin/bash\n# Sign all Python .so files\nfind \"$BUILT_PRODUCTS_DIR/$PRODUCT_NAME.app\" -name \"*.so\" -type f -exec codesign --force --sign - {} \\;\necho \"✅ Signed all Python extension modules\"\n";
		};
/* End PBXShellScriptBuildPhase section */

/* Begin PBXSourcesBuildPhase section */
		BFA75AC72F2AFCC3007D334F /* Sources */ = {
			isa = PBXSourcesBuildPhase;
			buildActionMask = 2147483647;
			files = (
			);
			runOnlyForDeploymentPostprocessing = 0;
		};
		BFFDD5EB2F1C47850032409D /* Sources */ = {
			isa = PBXSourcesBuildPhase;
			buildActionMask = 2147483647;
			files = (
			);
			runOnlyForDeploymentPostprocessing = 0;
		};
		BFFDD5FD2F1C478D0032409D /* Sources */ = {
			isa = PBXSourcesBuildPhase;
			buildActionMask = 2147483647;
			files = (
			);
			runOnlyForDeploymentPostprocessing = 0;
		};
		BFFDD6072F1C478D0032409D /* Sources */ = {
			isa = PBXSourcesBuildPhase;
			buildActionMask = 2147483647;
			files = (
			);
			runOnlyForDeploymentPostprocessing = 0;
		};
/* End PBXSourcesBuildPhase section */

/* Begin PBXTargetDependency section */
		BFA75AD42F2AFCC4007D334F /* PBXTargetDependency */ = {
			isa = PBXTargetDependency;
			target = BFA75ACA2F2AFCC3007D334F /* shareToPulsor */;
			targetProxy = BFA75AD32F2AFCC4007D334F /* PBXContainerItemProxy */;
		};
		BFFDD6032F1C478D0032409D /* PBXTargetDependency */ = {
			isa = PBXTargetDependency;
			target = BFFDD5EE2F1C47850032409D /* musicApp */;
			targetProxy = BFFDD6022F1C478D0032409D /* PBXContainerItemProxy */;
		};
		BFFDD60D2F1C478D0032409D /* PBXTargetDependency */ = {
			isa = PBXTargetDependency;
			target = BFFDD5EE2F1C47850032409D /* musicApp */;
			targetProxy = BFFDD60C2F1C478D0032409D /* PBXContainerItemProxy */;
		};
/* End PBXTargetDependency section */

/* Begin XCBuildConfiguration section */
		BFA75AD72F2AFCC4007D334F /* Debug */ = {
			isa = XCBuildConfiguration;
			buildSettings = {
				CODE_SIGN_ENTITLEMENTS = shareToPulsor/shareToPulsor.entitlements;
				CODE_SIGN_STYLE = Automatic;
				CURRENT_PROJECT_VERSION = 1;
				DEVELOPMENT_TEAM = 74JNGCVVMG;
				GENERATE_INFOPLIST_FILE = YES;
				INFOPLIST_FILE = shareToPulsor/Info.plist;
				INFOPLIST_KEY_CFBundleDisplayName = shareToPulsor;
				INFOPLIST_KEY_NSHumanReadableCopyright = "";
				IPHONEOS_DEPLOYMENT_TARGET = 18.2;
				LD_RUNPATH_SEARCH_PATHS = (
					"$(inherited)",
					"@executable_path/Frameworks",
					"@executable_path/../../Frameworks",
				);
				MARKETING_VERSION = 1.0;
				PRODUCT_BUNDLE_IDENTIFIER = Ploso.musicApp.shareToPulsor;
				PRODUCT_NAME = "$(TARGET_NAME)";
				SKIP_INSTALL = YES;
				SWIFT_EMIT_LOC_STRINGS = YES;
				SWIFT_VERSION = 5.0;
				TARGETED_DEVICE_FAMILY = "1,2";
			};
			name = Debug;
		};
		BFA75AD82F2AFCC4007D334F /* Release */ = {
			isa = XCBuildConfiguration;
			buildSettings = {
				CODE_SIGN_ENTITLEMENTS = shareToPulsor/shareToPulsor.entitlements;
				CODE_SIGN_STYLE = Automatic;
				CURRENT_PROJECT_VERSION = 1;
				DEVELOPMENT_TEAM = 74JNGCVVMG;
				GENERATE_INFOPLIST_FILE = YES;
				INFOPLIST_FILE = shareToPulsor/Info.plist;
				INFOPLIST_KEY_CFBundleDisplayName = shareToPulsor;
				INFOPLIST_KEY_NSHumanReadableCopyright = "";
				IPHONEOS_DEPLOYMENT_TARGET = 18.2;
				LD_RUNPATH_SEARCH_PATHS = (
					"$(inherited)",
					"@executable_path/Frameworks",
					"@executable_path/../../Frameworks",
				);
				MARKETING_VERSION = 1.0;
				PRODUCT_BUNDLE_IDENTIFIER = Ploso.musicApp.shareToPulsor;
				PRODUCT_NAME = "$(TARGET_NAME)";
				SKIP_INSTALL = YES;
				SWIFT_EMIT_LOC_STRINGS = YES;
				SWIFT_VERSION = 5.0;
				TARGETED_DEVICE_FAMILY = "1,2";
			};
			name = Release;
		};
		BFFDD6132F1C478D0032409D /* Debug */ = {
			isa = XCBuildConfiguration;
			buildSettings = {
				ALWAYS_SEARCH_USER_PATHS = NO;
				ASSETCATALOG_COMPILER_GENERATE_SWIFT_ASSET_SYMBOL_EXTENSIONS = YES;
				CLANG_ANALYZER_NONNULL = YES;
				CLANG_ANALYZER_NUMBER_OBJECT_CONVERSION = YES_AGGRESSIVE;
				CLANG_CXX_LANGUAGE_STANDARD = "gnu++20";
				CLANG_ENABLE_MODULES = YES;
				CLANG_ENABLE_OBJC_ARC = YES;
				CLANG_ENABLE_OBJC_WEAK = YES;
				CLANG_WARN_BLOCK_CAPTURE_AUTORELEASING = YES;
				CLANG_WARN_BOOL_CONVERSION = YES;
				CLANG_WARN_COMMA = YES;
				CLANG_WARN_CONSTANT_CONVERSION = YES;
				CLANG_WARN_DEPRECATED_OBJC_IMPLEMENTATIONS = YES;
				CLANG_WARN_DIRECT_OBJC_ISA_USAGE = YES_ERROR;
				CLANG_WARN_DOCUMENTATION_COMMENTS = YES;
				CLANG_WARN_EMPTY_BODY = YES;
				CLANG_WARN_ENUM_CONVERSION = YES;
				CLANG_WARN_INFINITE_RECURSION = YES;
				CLANG_WARN_INT_CONVERSION = YES;
				CLANG_WARN_NON_LITERAL_NULL_CONVERSION = YES;
				CLANG_WARN_OBJC_IMPLICIT_RETAIN_SELF = YES;
				CLANG_WARN_OBJC_LITERAL_CONVERSION = YES;
				CLANG_WARN_OBJC_ROOT_CLASS = YES_ERROR;
				CLANG_WARN_QUOTED_INCLUDE_IN_FRAMEWORK_HEADER = YES;
				CLANG_WARN_RANGE_LOOP_ANALYSIS = YES;
				CLANG_WARN_STRICT_PROTOTYPES = YES;
				CLANG_WARN_SUSPICIOUS_MOVE = YES;
				CLANG_WARN_UNGUARDED_AVAILABILITY = YES_AGGRESSIVE;
				CLANG_WARN_UNREACHABLE_CODE = YES;
				CLANG_WARN__DUPLICATE_METHOD_MATCH = YES;
				COPY_PHASE_STRIP = NO;
				DEBUG_INFORMATION_FORMAT = dwarf;
				ENABLE_STRICT_OBJC_MSGSEND = YES;
				ENABLE_TESTABILITY = YES;
				ENABLE_USER_SCRIPT_SANDBOXING = YES;
				GCC_C_LANGUAGE_STANDARD = gnu17;
				GCC_DYNAMIC_NO_PIC = NO;
				GCC_NO_COMMON_BLOCKS = YES;
				GCC_OPTIMIZATION_LEVEL = 0;
				GCC_PREPROCESSOR_DEFINITIONS = (
					"DEBUG=1",
					"$(inherited)",
				);
				GCC_WARN_64_TO_32_BIT_CONVERSION = YES;
				GCC_WARN_ABOUT_RETURN_TYPE = YES_ERROR;
				GCC_WARN_UNDECLARED_SELECTOR = YES;
				GCC_WARN_UNINITIALIZED_AUTOS = YES_AGGRESSIVE;
				GCC_WARN_UNUSED_FUNCTION = YES;
				GCC_WARN_UNUSED_VARIABLE = YES;
				IPHONEOS_DEPLOYMENT_TARGET = 16.4;
				LOCALIZATION_PREFERS_STRING_CATALOGS = YES;
				MTL_ENABLE_DEBUG_INFO = INCLUDE_SOURCE;
				MTL_FAST_MATH = YES;
				ONLY_ACTIVE_ARCH = YES;
				SDKROOT = iphoneos;
				SWIFT_ACTIVE_COMPILATION_CONDITIONS = "DEBUG $(inherited)";
				SWIFT_OPTIMIZATION_LEVEL = "-Onone";
			};
			name = Debug;
		};
		BFFDD6142F1C478D0032409D /* Release */ = {
			isa = XCBuildConfiguration;
			buildSettings = {
				ALWAYS_SEARCH_USER_PATHS = NO;
				ASSETCATALOG_COMPILER_GENERATE_SWIFT_ASSET_SYMBOL_EXTENSIONS = YES;
				CLANG_ANALYZER_NONNULL = YES;
				CLANG_ANALYZER_NUMBER_OBJECT_CONVERSION = YES_AGGRESSIVE;
				CLANG_CXX_LANGUAGE_STANDARD = "gnu++20";
				CLANG_ENABLE_MODULES = YES;
				CLANG_ENABLE_OBJC_ARC = YES;
				CLANG_ENABLE_OBJC_WEAK = YES;
				CLANG_WARN_BLOCK_CAPTURE_AUTORELEASING = YES;
				CLANG_WARN_BOOL_CONVERSION = YES;
				CLANG_WARN_COMMA = YES;
				CLANG_WARN_CONSTANT_CONVERSION = YES;
				CLANG_WARN_DEPRECATED_OBJC_IMPLEMENTATIONS = YES;
				CLANG_WARN_DIRECT_OBJC_ISA_USAGE = YES_ERROR;
				CLANG_WARN_DOCUMENTATION_COMMENTS = YES;
				CLANG_WARN_EMPTY_BODY = YES;
				CLANG_WARN_ENUM_CONVERSION = YES;
				CLANG_WARN_INFINITE_RECURSION = YES;
				CLANG_WARN_INT_CONVERSION = YES;
				CLANG_WARN_NON_LITERAL_NULL_CONVERSION = YES;
				CLANG_WARN_OBJC_IMPLICIT_RETAIN_SELF = YES;
				CLANG_WARN_OBJC_LITERAL_CONVERSION = YES;
				CLANG_WARN_OBJC_ROOT_CLASS = YES_ERROR;
				CLANG_WARN_QUOTED_INCLUDE_IN_FRAMEWORK_HEADER = YES;
				CLANG_WARN_RANGE_LOOP_ANALYSIS = YES;
				CLANG_WARN_STRICT_PROTOTYPES = YES;
				CLANG_WARN_SUSPICIOUS_MOVE = YES;
				CLANG_WARN_UNGUARDED_AVAILABILITY = YES_AGGRESSIVE;
				CLANG_WARN_UNREACHABLE_CODE = YES;
				CLANG_WARN__DUPLICATE_METHOD_MATCH = YES;
				COPY_PHASE_STRIP = NO;
				DEBUG_INFORMATION_FORMAT = "dwarf-with-dsym";
				ENABLE_NS_ASSERTIONS = NO;
				ENABLE_STRICT_OBJC_MSGSEND = YES;
				ENABLE_USER_SCRIPT_SANDBOXING = YES;
				GCC_C_LANGUAGE_STANDARD = gnu17;
				GCC_NO_COMMON_BLOCKS = YES;
				GCC_WARN_64_TO_32_BIT_CONVERSION = YES;
				GCC_WARN_ABOUT_RETURN_TYPE = YES_ERROR;
				GCC_WARN_UNDECLARED_SELECTOR = YES;
				GCC_WARN_UNINITIALIZED_AUTOS = YES_AGGRESSIVE;
				GCC_WARN_UNUSED_FUNCTION = YES;
				GCC_WARN_UNUSED_VARIABLE = YES;
				IPHONEOS_DEPLOYMENT_TARGET = 16.4;
				LOCALIZATION_PREFERS_STRING_CATALOGS = YES;
				MTL_ENABLE_DEBUG_INFO = NO;
				MTL_FAST_MATH = YES;
				SDKROOT = iphoneos;
				SWIFT_COMPILATION_MODE = wholemodule;
				VALIDATE_PRODUCT = YES;
			};
			name = Release;
		};
		BFFDD6162F1C478D0032409D /* Debug */ = {
			isa = XCBuildConfiguration;
			buildSettings = {
				ASSETCATALOG_COMPILER_APPICON_NAME = AppIcon;
				ASSETCATALOG_COMPILER_GLOBAL_ACCENT_COLOR_NAME = AccentColor;
				CODE_SIGN_ENTITLEMENTS = musicApp/musicApp.entitlements;
				CODE_SIGN_STYLE = Automatic;
				CURRENT_PROJECT_VERSION = 1;
				DEVELOPMENT_ASSET_PATHS = "\"musicApp/Preview Content\"";
				DEVELOPMENT_TEAM = 74JNGCVVMG;
				ENABLE_PREVIEWS = YES;
				GENERATE_INFOPLIST_FILE = YES;
				INFOPLIST_FILE = musicApp/Info.plist;
				INFOPLIST_KEY_LSSupportsOpeningDocumentsInPlace = YES;
				INFOPLIST_KEY_UIApplicationSceneManifest_Generation = YES;
				INFOPLIST_KEY_UIApplicationSupportsIndirectInputEvents = YES;
				INFOPLIST_KEY_UILaunchScreen_Generation = YES;
				INFOPLIST_KEY_UISupportedInterfaceOrientations_iPad = "UIInterfaceOrientationPortrait UIInterfaceOrientationPortraitUpsideDown UIInterfaceOrientationLandscapeLeft UIInterfaceOrientationLandscapeRight";
				INFOPLIST_KEY_UISupportedInterfaceOrientations_iPhone = "UIInterfaceOrientationPortrait UIInterfaceOrientationLandscapeLeft UIInterfaceOrientationLandscapeRight";
				LD_RUNPATH_SEARCH_PATHS = (
					"$(inherited)",
					"@executable_path/Frameworks",
				);
				LIBRARY_SEARCH_PATHS = (
					"$(inherited)",
					"$(PROJECT_DIR)/python-stdlib/lib/python3.11/lib-dynload",
				);
				MARKETING_VERSION = 1.0;
				PRODUCT_BUNDLE_IDENTIFIER = Ploso.musicApp;
				PRODUCT_NAME = Pulsor;
				SWIFT_EMIT_LOC_STRINGS = YES;
				SWIFT_VERSION = 5.0;
				TARGETED_DEVICE_FAMILY = "1,2";
			};
			name = Debug;
		};
		BFFDD6172F1C478D0032409D /* Release */ = {
			isa = XCBuildConfiguration;
			buildSettings = {
				ASSETCATALOG_COMPILER_APPICON_NAME = AppIcon;
				ASSETCATALOG_COMPILER_GLOBAL_ACCENT_COLOR_NAME = AccentColor;
				CODE_SIGN_ENTITLEMENTS = musicApp/musicApp.entitlements;
				CODE_SIGN_STYLE = Automatic;
				CURRENT_PROJECT_VERSION = 1;
				DEVELOPMENT_ASSET_PATHS = "\"musicApp/Preview Content\"";
				DEVELOPMENT_TEAM = 74JNGCVVMG;
				ENABLE_PREVIEWS = YES;
				GENERATE_INFOPLIST_FILE = YES;
				INFOPLIST_FILE = musicApp/Info.plist;
				INFOPLIST_KEY_LSSupportsOpeningDocumentsInPlace = YES;
				INFOPLIST_KEY_UIApplicationSceneManifest_Generation = YES;
				INFOPLIST_KEY_UIApplicationSupportsIndirectInputEvents = YES;
				INFOPLIST_KEY_UILaunchScreen_Generation = YES;
				INFOPLIST_KEY_UISupportedInterfaceOrientations_iPad = "UIInterfaceOrientationPortrait UIInterfaceOrientationPortraitUpsideDown UIInterfaceOrientationLandscapeLeft UIInterfaceOrientationLandscapeRight";
				INFOPLIST_KEY_UISupportedInterfaceOrientations_iPhone = "UIInterfaceOrientationPortrait UIInterfaceOrientationLandscapeLeft UIInterfaceOrientationLandscapeRight";
				LD_RUNPATH_SEARCH_PATHS = (
					"$(inherited)",
					"@executable_path/Frameworks",
				);
				LIBRARY_SEARCH_PATHS = (
					"$(inherited)",
					"$(PROJECT_DIR)/python-stdlib/lib/python3.11/lib-dynload",
				);
				MARKETING_VERSION = 1.0;
				PRODUCT_BUNDLE_IDENTIFIER = Ploso.musicApp;
				PRODUCT_NAME = Pulsor;
				SWIFT_EMIT_LOC_STRINGS = YES;
				SWIFT_VERSION = 5.0;
				TARGETED_DEVICE_FAMILY = "1,2";
			};
			name = Release;
		};
		BFFDD6192F1C478D0032409D /* Debug */ = {
			isa = XCBuildConfiguration;
			buildSettings = {
				BUNDLE_LOADER = "$(TEST_HOST)";
				CODE_SIGN_STYLE = Automatic;
				CURRENT_PROJECT_VERSION = 1;
				GENERATE_INFOPLIST_FILE = YES;
				IPHONEOS_DEPLOYMENT_TARGET = 16.4;
				MARKETING_VERSION = 1.0;
				PRODUCT_BUNDLE_IDENTIFIER = Ploso.musicAppTests;
				PRODUCT_NAME = "$(TARGET_NAME)";
				SWIFT_EMIT_LOC_STRINGS = NO;
				SWIFT_VERSION = 5.0;
				TARGETED_DEVICE_FAMILY = "1,2";
				TEST_HOST = "$(BUILT_PRODUCTS_DIR)/musicApp.app/$(BUNDLE_EXECUTABLE_FOLDER_PATH)/musicApp";
			};
			name = Debug;
		};
		BFFDD61A2F1C478D0032409D /* Release */ = {
			isa = XCBuildConfiguration;
			buildSettings = {
				BUNDLE_LOADER = "$(TEST_HOST)";
				CODE_SIGN_STYLE = Automatic;
				CURRENT_PROJECT_VERSION = 1;
				GENERATE_INFOPLIST_FILE = YES;
				IPHONEOS_DEPLOYMENT_TARGET = 16.4;
				MARKETING_VERSION = 1.0;
				PRODUCT_BUNDLE_IDENTIFIER = Ploso.musicAppTests;
				PRODUCT_NAME = "$(TARGET_NAME)";
				SWIFT_EMIT_LOC_STRINGS = NO;
				SWIFT_VERSION = 5.0;
				TARGETED_DEVICE_FAMILY = "1,2";
				TEST_HOST = "$(BUILT_PRODUCTS_DIR)/musicApp.app/$(BUNDLE_EXECUTABLE_FOLDER_PATH)/musicApp";
			};
			name = Release;
		};
		BFFDD61C2F1C478D0032409D /* Debug */ = {
			isa = XCBuildConfiguration;
			buildSettings = {
				CODE_SIGN_STYLE = Automatic;
				CURRENT_PROJECT_VERSION = 1;
				GENERATE_INFOPLIST_FILE = YES;
				MARKETING_VERSION = 1.0;
				PRODUCT_BUNDLE_IDENTIFIER = Ploso.musicAppUITests;
				PRODUCT_NAME = "$(TARGET_NAME)";
				SWIFT_EMIT_LOC_STRINGS = NO;
				SWIFT_VERSION = 5.0;
				TARGETED_DEVICE_FAMILY = "1,2";
				TEST_TARGET_NAME = musicApp;
			};
			name = Debug;
		};
		BFFDD61D2F1C478D0032409D /* Release */ = {
			isa = XCBuildConfiguration;
			buildSettings = {
				CODE_SIGN_STYLE = Automatic;
				CURRENT_PROJECT_VERSION = 1;
				GENERATE_INFOPLIST_FILE = YES;
				MARKETING_VERSION = 1.0;
				PRODUCT_BUNDLE_IDENTIFIER = Ploso.musicAppUITests;
				PRODUCT_NAME = "$(TARGET_NAME)";
				SWIFT_EMIT_LOC_STRINGS = NO;
				SWIFT_VERSION = 5.0;
				TARGETED_DEVICE_FAMILY = "1,2";
				TEST_TARGET_NAME = musicApp;
			};
			name = Release;
		};
/* End XCBuildConfiguration section */

/* Begin XCConfigurationList section */
		BFA75AD62F2AFCC4007D334F /* Build configuration list for PBXNativeTarget "shareToPulsor" */ = {
			isa = XCConfigurationList;
			buildConfigurations = (
				BFA75AD72F2AFCC4007D334F /* Debug */,
				BFA75AD82F2AFCC4007D334F /* Release */,
			);
			defaultConfigurationIsVisible = 0;
			defaultConfigurationName = Release;
		};
		BFFDD5EA2F1C47850032409D /* Build configuration list for PBXProject "musicApp" */ = {
			isa = XCConfigurationList;
			buildConfigurations = (
				BFFDD6132F1C478D0032409D /* Debug */,
				BFFDD6142F1C478D0032409D /* Release */,
			);
			defaultConfigurationIsVisible = 0;
			defaultConfigurationName = Release;
		};
		BFFDD6152F1C478D0032409D /* Build configuration list for PBXNativeTarget "musicApp" */ = {
			isa = XCConfigurationList;
			buildConfigurations = (
				BFFDD6162F1C478D0032409D /* Debug */,
				BFFDD6172F1C478D0032409D /* Release */,
			);
			defaultConfigurationIsVisible = 0;
			defaultConfigurationName = Release;
		};
		BFFDD6182F1C478D0032409D /* Build configuration list for PBXNativeTarget "musicAppTests" */ = {
			isa = XCConfigurationList;
			buildConfigurations = (
				BFFDD6192F1C478D0032409D /* Debug */,
				BFFDD61A2F1C478D0032409D /* Release */,
			);
			defaultConfigurationIsVisible = 0;
			defaultConfigurationName = Release;
		};
		BFFDD61B2F1C478D0032409D /* Build configuration list for PBXNativeTarget "musicAppUITests" */ = {
			isa = XCConfigurationList;
			buildConfigurations = (
				BFFDD61C2F1C478D0032409D /* Debug */,
				BFFDD61D2F1C478D0032409D /* Release */,
			);
			defaultConfigurationIsVisible = 0;
			defaultConfigurationName = Release;
		};
/* End XCConfigurationList section */

/* Begin XCRemoteSwiftPackageReference section */
		BF5782072F1EC0AB0056E8CB /* XCRemoteSwiftPackageReference "ffmpeg-kit" */ = {
			isa = XCRemoteSwiftPackageReference;
			repositoryURL = "https://github.com/arthenica/ffmpeg-kit";
			requirement = {
				branch = main;
				kind = branch;
			};
		};
/* End XCRemoteSwiftPackageReference section */
	};
	rootObject = BFFDD5E72F1C47850032409D /* Project object */;
}
